// !$*UTF8*$!
{
	archiveVersion = 1;
	classes = {
	};
	objectVersion = 46;
	objects = {

/* Begin PBXBuildFile section */
		A5B2CE6318436D730051406E /* Foundation.framework in Frameworks */ = {isa = PBXBuildFile; fileRef = A5B2CE6218436D730051406E /* Foundation.framework */; };
		A5B2CE6518436D740051406E /* CoreGraphics.framework in Frameworks */ = {isa = PBXBuildFile; fileRef = A5B2CE6418436D740051406E /* CoreGraphics.framework */; };
		A5B2CE6718436D740051406E /* UIKit.framework in Frameworks */ = {isa = PBXBuildFile; fileRef = A5B2CE6618436D740051406E /* UIKit.framework */; };
		A5B2CE6D18436D740051406E /* InfoPlist.strings in Resources */ = {isa = PBXBuildFile; fileRef = A5B2CE6B18436D740051406E /* InfoPlist.strings */; };
		A5B2CE6F18436D740051406E /* main.m in Sources */ = {isa = PBXBuildFile; fileRef = A5B2CE6E18436D740051406E /* main.m */; };
		A5B2CE7318436D740051406E /* AppDelegate.m in Sources */ = {isa = PBXBuildFile; fileRef = A5B2CE7218436D740051406E /* AppDelegate.m */; };
		A5B2CE7618436D740051406E /* Main.storyboard in Resources */ = {isa = PBXBuildFile; fileRef = A5B2CE7418436D740051406E /* Main.storyboard */; };
		A5B2CE7918436D740051406E /* ViewController.m in Sources */ = {isa = PBXBuildFile; fileRef = A5B2CE7818436D740051406E /* ViewController.m */; };
		A5B2CE7B18436D740051406E /* Images.xcassets in Resources */ = {isa = PBXBuildFile; fileRef = A5B2CE7A18436D740051406E /* Images.xcassets */; };
		A5B2CE8218436D740051406E /* XCTest.framework in Frameworks */ = {isa = PBXBuildFile; fileRef = A5B2CE8118436D740051406E /* XCTest.framework */; };
		A5B2CE8318436D740051406E /* Foundation.framework in Frameworks */ = {isa = PBXBuildFile; fileRef = A5B2CE6218436D730051406E /* Foundation.framework */; };
		A5B2CE8418436D740051406E /* UIKit.framework in Frameworks */ = {isa = PBXBuildFile; fileRef = A5B2CE6618436D740051406E /* UIKit.framework */; };
		A5B2CE8C18436D740051406E /* InfoPlist.strings in Resources */ = {isa = PBXBuildFile; fileRef = A5B2CE8A18436D740051406E /* InfoPlist.strings */; };
		A5B2CE8E18436D740051406E /* UIDynamicsDemoTests.m in Sources */ = {isa = PBXBuildFile; fileRef = A5B2CE8D18436D740051406E /* UIDynamicsDemoTests.m */; };
/* End PBXBuildFile section */

/* Begin PBXContainerItemProxy section */
		A5B2CE8518436D740051406E /* PBXContainerItemProxy */ = {
			isa = PBXContainerItemProxy;
			containerPortal = A5B2CE5718436D730051406E /* Project object */;
			proxyType = 1;
			remoteGlobalIDString = A5B2CE5E18436D730051406E;
			remoteInfo = UIDynamicsDemo;
		};
/* End PBXContainerItemProxy section */

/* Begin PBXFileReference section */
		A5B2CE5F18436D730051406E /* UIDynamicsDemo.app */ = {isa = PBXFileReference; explicitFileType = wrapper.application; includeInIndex = 0; path = UIDynamicsDemo.app; sourceTree = BUILT_PRODUCTS_DIR; };
		A5B2CE6218436D730051406E /* Foundation.framework */ = {isa = PBXFileReference; lastKnownFileType = wrapper.framework; name = Foundation.framework; path = System/Library/Frameworks/Foundation.framework; sourceTree = SDKROOT; };
		A5B2CE6418436D740051406E /* CoreGraphics.framework */ = {isa = PBXFileReference; lastKnownFileType = wrapper.framework; name = CoreGraphics.framework; path = System/Library/Frameworks/CoreGraphics.framework; sourceTree = SDKROOT; };
		A5B2CE6618436D740051406E /* UIKit.framework */ = {isa = PBXFileReference; lastKnownFileType = wrapper.framework; name = UIKit.framework; path = System/Library/Frameworks/UIKit.framework; sourceTree = SDKROOT; };
		A5B2CE6A18436D740051406E /* UIDynamicsDemo-Info.plist */ = {isa = PBXFileReference; lastKnownFileType = text.plist.xml; path = "UIDynamicsDemo-Info.plist"; sourceTree = "<group>"; };
		A5B2CE6C18436D740051406E /* en */ = {isa = PBXFileReference; lastKnownFileType = text.plist.strings; name = en; path = en.lproj/InfoPlist.strings; sourceTree = "<group>"; };
		A5B2CE6E18436D740051406E /* main.m */ = {isa = PBXFileReference; lastKnownFileType = sourcecode.c.objc; path = main.m; sourceTree = "<group>"; };
		A5B2CE7018436D740051406E /* UIDynamicsDemo-Prefix.pch */ = {isa = PBXFileReference; lastKnownFileType = sourcecode.c.h; path = "UIDynamicsDemo-Prefix.pch"; sourceTree = "<group>"; };
		A5B2CE7118436D740051406E /* AppDelegate.h */ = {isa = PBXFileReference; lastKnownFileType = sourcecode.c.h; path = AppDelegate.h; sourceTree = "<group>"; };
		A5B2CE7218436D740051406E /* AppDelegate.m */ = {isa = PBXFileReference; lastKnownFileType = sourcecode.c.objc; path = AppDelegate.m; sourceTree = "<group>"; };
		A5B2CE7518436D740051406E /* Base */ = {isa = PBXFileReference; lastKnownFileType = file.storyboard; name = Base; path = Base.lproj/Main.storyboard; sourceTree = "<group>"; };
		A5B2CE7718436D740051406E /* ViewController.h */ = {isa = PBXFileReference; lastKnownFileType = sourcecode.c.h; path = ViewController.h; sourceTree = "<group>"; };
		A5B2CE7818436D740051406E /* ViewController.m */ = {isa = PBXFileReference; lastKnownFileType = sourcecode.c.objc; path = ViewController.m; sourceTree = "<group>"; };
		A5B2CE7A18436D740051406E /* Images.xcassets */ = {isa = PBXFileReference; lastKnownFileType = folder.assetcatalog; path = Images.xcassets; sourceTree = "<group>"; };
		A5B2CE8018436D740051406E /* UIDynamicsDemoTests.xctest */ = {isa = PBXFileReference; explicitFileType = wrapper.cfbundle; includeInIndex = 0; path = UIDynamicsDemoTests.xctest; sourceTree = BUILT_PRODUCTS_DIR; };
		A5B2CE8118436D740051406E /* XCTest.framework */ = {isa = PBXFileReference; lastKnownFileType = wrapper.framework; name = XCTest.framework; path = Library/Frameworks/XCTest.framework; sourceTree = DEVELOPER_DIR; };
		A5B2CE8918436D740051406E /* UIDynamicsDemoTests-Info.plist */ = {isa = PBXFileReference; lastKnownFileType = text.plist.xml; path = "UIDynamicsDemoTests-Info.plist"; sourceTree = "<group>"; };
		A5B2CE8B18436D740051406E /* en */ = {isa = PBXFileReference; lastKnownFileType = text.plist.strings; name = en; path = en.lproj/InfoPlist.strings; sourceTree = "<group>"; };
		A5B2CE8D18436D740051406E /* UIDynamicsDemoTests.m */ = {isa = PBXFileReference; lastKnownFileType = sourcecode.c.objc; path = UIDynamicsDemoTests.m; sourceTree = "<group>"; };
/* End PBXFileReference section */

/* Begin PBXFrameworksBuildPhase section */
		A5B2CE5C18436D730051406E /* Frameworks */ = {
			isa = PBXFrameworksBuildPhase;
			buildActionMask = 2147483647;
			files = (
				A5B2CE6518436D740051406E /* CoreGraphics.framework in Frameworks */,
				A5B2CE6718436D740051406E /* UIKit.framework in Frameworks */,
				A5B2CE6318436D730051406E /* Foundation.framework in Frameworks */,
			);
			runOnlyForDeploymentPostprocessing = 0;
		};
		A5B2CE7D18436D740051406E /* Frameworks */ = {
			isa = PBXFrameworksBuildPhase;
			buildActionMask = 2147483647;
			files = (
				A5B2CE8218436D740051406E /* XCTest.framework in Frameworks */,
				A5B2CE8418436D740051406E /* UIKit.framework in Frameworks */,
				A5B2CE8318436D740051406E /* Foundation.framework in Frameworks */,
			);
			runOnlyForDeploymentPostprocessing = 0;
		};
/* End PBXFrameworksBuildPhase section */

/* Begin PBXGroup section */
		A5B2CE5618436D730051406E = {
			isa = PBXGroup;
			children = (
				A5B2CE6818436D740051406E /* UIDynamicsDemo */,
				A5B2CE8718436D740051406E /* UIDynamicsDemoTests */,
				A5B2CE6118436D730051406E /* Frameworks */,
				A5B2CE6018436D730051406E /* Products */,
			);
			sourceTree = "<group>";
		};
		A5B2CE6018436D730051406E /* Products */ = {
			isa = PBXGroup;
			children = (
				A5B2CE5F18436D730051406E /* UIDynamicsDemo.app */,
				A5B2CE8018436D740051406E /* UIDynamicsDemoTests.xctest */,
			);
			name = Products;
			sourceTree = "<group>";
		};
		A5B2CE6118436D730051406E /* Frameworks */ = {
			isa = PBXGroup;
			children = (
				A5B2CE6218436D730051406E /* Foundation.framework */,
				A5B2CE6418436D740051406E /* CoreGraphics.framework */,
				A5B2CE6618436D740051406E /* UIKit.framework */,
				A5B2CE8118436D740051406E /* XCTest.framework */,
			);
			name = Frameworks;
			sourceTree = "<group>";
		};
		A5B2CE6818436D740051406E /* UIDynamicsDemo */ = {
			isa = PBXGroup;
			children = (
				A5B2CE7118436D740051406E /* AppDelegate.h */,
				A5B2CE7218436D740051406E /* AppDelegate.m */,
				A5B2CE7418436D740051406E /* Main.storyboard */,
				A5B2CE7718436D740051406E /* ViewController.h */,
				A5B2CE7818436D740051406E /* ViewController.m */,
				A5B2CE7A18436D740051406E /* Images.xcassets */,
				A5B2CE6918436D740051406E /* Supporting Files */,
			);
			path = UIDynamicsDemo;
			sourceTree = "<group>";
		};
		A5B2CE6918436D740051406E /* Supporting Files */ = {
			isa = PBXGroup;
			children = (
				A5B2CE6A18436D740051406E /* UIDynamicsDemo-Info.plist */,
				A5B2CE6B18436D740051406E /* InfoPlist.strings */,
				A5B2CE6E18436D740051406E /* main.m */,
				A5B2CE7018436D740051406E /* UIDynamicsDemo-Prefix.pch */,
			);
			name = "Supporting Files";
			sourceTree = "<group>";
		};
		A5B2CE8718436D740051406E /* UIDynamicsDemoTests */ = {
			isa = PBXGroup;
			children = (
				A5B2CE8D18436D740051406E /* UIDynamicsDemoTests.m */,
				A5B2CE8818436D740051406E /* Supporting Files */,
			);
			path = UIDynamicsDemoTests;
			sourceTree = "<group>";
		};
		A5B2CE8818436D740051406E /* Supporting Files */ = {
			isa = PBXGroup;
			children = (
				A5B2CE8918436D740051406E /* UIDynamicsDemoTests-Info.plist */,
				A5B2CE8A18436D740051406E /* InfoPlist.strings */,
			);
			name = "Supporting Files";
			sourceTree = "<group>";
		};
/* End PBXGroup section */

/* Begin PBXNativeTarget section */
		A5B2CE5E18436D730051406E /* UIDynamicsDemo */ = {
			isa = PBXNativeTarget;
			buildConfigurationList = A5B2CE9118436D740051406E /* Build configuration list for PBXNativeTarget "UIDynamicsDemo" */;
			buildPhases = (
				A5B2CE5B18436D730051406E /* Sources */,
				A5B2CE5C18436D730051406E /* Frameworks */,
				A5B2CE5D18436D730051406E /* Resources */,
			);
			buildRules = (
			);
			dependencies = (
			);
			name = UIDynamicsDemo;
			productName = UIDynamicsDemo;
			productReference = A5B2CE5F18436D730051406E /* UIDynamicsDemo.app */;
			productType = "com.apple.product-type.application";
		};
		A5B2CE7F18436D740051406E /* UIDynamicsDemoTests */ = {
			isa = PBXNativeTarget;
			buildConfigurationList = A5B2CE9418436D740051406E /* Build configuration list for PBXNativeTarget "UIDynamicsDemoTests" */;
			buildPhases = (
				A5B2CE7C18436D740051406E /* Sources */,
				A5B2CE7D18436D740051406E /* Frameworks */,
				A5B2CE7E18436D740051406E /* Resources */,
			);
			buildRules = (
			);
			dependencies = (
				A5B2CE8618436D740051406E /* PBXTargetDependency */,
			);
			name = UIDynamicsDemoTests;
			productName = UIDynamicsDemoTests;
			productReference = A5B2CE8018436D740051406E /* UIDynamicsDemoTests.xctest */;
			productType = "com.apple.product-type.bundle.unit-test";
		};
/* End PBXNativeTarget section */

/* Begin PBXProject section */
		A5B2CE5718436D730051406E /* Project object */ = {
			isa = PBXProject;
			attributes = {
				LastUpgradeCheck = 0500;
				ORGANIZATIONNAME = Nagarro;
				TargetAttributes = {
					A5B2CE7F18436D740051406E = {
						TestTargetID = A5B2CE5E18436D730051406E;
					};
				};
			};
			buildConfigurationList = A5B2CE5A18436D730051406E /* Build configuration list for PBXProject "UIDynamicsDemo" */;
			compatibilityVersion = "Xcode 3.2";
			developmentRegion = English;
			hasScannedForEncodings = 0;
			knownRegions = (
				en,
				Base,
			);
			mainGroup = A5B2CE5618436D730051406E;
			productRefGroup = A5B2CE6018436D730051406E /* Products */;
			projectDirPath = "";
			projectRoot = "";
			targets = (
				A5B2CE5E18436D730051406E /* UIDynamicsDemo */,
				A5B2CE7F18436D740051406E /* UIDynamicsDemoTests */,
			);
		};
/* End PBXProject section */

/* Begin PBXResourcesBuildPhase section */
		A5B2CE5D18436D730051406E /* Resources */ = {
			isa = PBXResourcesBuildPhase;
			buildActionMask = 2147483647;
			files = (
				A5B2CE7B18436D740051406E /* Images.xcassets in Resources */,
				A5B2CE6D18436D740051406E /* InfoPlist.strings in Resources */,
				A5B2CE7618436D740051406E /* Main.storyboard in Resources */,
			);
			runOnlyForDeploymentPostprocessing = 0;
		};
		A5B2CE7E18436D740051406E /* Resources */ = {
			isa = PBXResourcesBuildPhase;
			buildActionMask = 2147483647;
			files = (
				A5B2CE8C18436D740051406E /* InfoPlist.strings in Resources */,
			);
			runOnlyForDeploymentPostprocessing = 0;
		};
/* End PBXResourcesBuildPhase section */

/* Begin PBXSourcesBuildPhase section */
		A5B2CE5B18436D730051406E /* Sources */ = {
			isa = PBXSourcesBuildPhase;
			buildActionMask = 2147483647;
			files = (
				A5B2CE7918436D740051406E /* ViewController.m in Sources */,
				A5B2CE7318436D740051406E /* AppDelegate.m in Sources */,
				A5B2CE6F18436D740051406E /* main.m in Sources */,
			);
			runOnlyForDeploymentPostprocessing = 0;
		};
		A5B2CE7C18436D740051406E /* Sources */ = {
			isa = PBXSourcesBuildPhase;
			buildActionMask = 2147483647;
			files = (
				A5B2CE8E18436D740051406E /* UIDynamicsDemoTests.m in Sources */,
			);
			runOnlyForDeploymentPostprocessing = 0;
		};
/* End PBXSourcesBuildPhase section */

/* Begin PBXTargetDependency section */
		A5B2CE8618436D740051406E /* PBXTargetDependency */ = {
			isa = PBXTargetDependency;
			target = A5B2CE5E18436D730051406E /* UIDynamicsDemo */;
			targetProxy = A5B2CE8518436D740051406E /* PBXContainerItemProxy */;
		};
/* End PBXTargetDependency section */

/* Begin PBXVariantGroup section */
		A5B2CE6B18436D740051406E /* InfoPlist.strings */ = {
			isa = PBXVariantGroup;
			children = (
				A5B2CE6C18436D740051406E /* en */,
			);
			name = InfoPlist.strings;
			sourceTree = "<group>";
		};
		A5B2CE7418436D740051406E /* Main.storyboard */ = {
			isa = PBXVariantGroup;
			children = (
				A5B2CE7518436D740051406E /* Base */,
			);
			name = Main.storyboard;
			sourceTree = "<group>";
		};
		A5B2CE8A18436D740051406E /* InfoPlist.strings */ = {
			isa = PBXVariantGroup;
			children = (
				A5B2CE8B18436D740051406E /* en */,
			);
			name = InfoPlist.strings;
			sourceTree = "<group>";
		};
/* End PBXVariantGroup section */

/* Begin XCBuildConfiguration section */
		A5B2CE8F18436D740051406E /* Debug */ = {
			isa = XCBuildConfiguration;
			buildSettings = {
				ALWAYS_SEARCH_USER_PATHS = NO;
				ARCHS = "$(ARCHS_STANDARD_INCLUDING_64_BIT)";
				CLANG_CXX_LANGUAGE_STANDARD = "gnu++0x";
				CLANG_CXX_LIBRARY = "libc++";
				CLANG_ENABLE_MODULES = YES;
				CLANG_ENABLE_OBJC_ARC = YES;
				CLANG_WARN_BOOL_CONVERSION = YES;
				CLANG_WARN_CONSTANT_CONVERSION = YES;
				CLANG_WARN_DIRECT_OBJC_ISA_USAGE = YES_ERROR;
				CLANG_WARN_EMPTY_BODY = YES;
				CLANG_WARN_ENUM_CONVERSION = YES;
				CLANG_WARN_INT_CONVERSION = YES;
				CLANG_WARN_OBJC_ROOT_CLASS = YES_ERROR;
				CLANG_WARN__DUPLICATE_METHOD_MATCH = YES;
				"CODE_SIGN_IDENTITY[sdk=iphoneos*]" = "iPhone Developer";
				COPY_PHASE_STRIP = NO;
				GCC_C_LANGUAGE_STANDARD = gnu99;
				GCC_DYNAMIC_NO_PIC = NO;
				GCC_OPTIMIZATION_LEVEL = 0;
				GCC_PREPROCESSOR_DEFINITIONS = (
					"DEBUG=1",
					"$(inherited)",
				);
				GCC_SYMBOLS_PRIVATE_EXTERN = NO;
				GCC_WARN_64_TO_32_BIT_CONVERSION = YES;
				GCC_WARN_ABOUT_RETURN_TYPE = YES_ERROR;
				GCC_WARN_UNDECLARED_SELECTOR = YES;
				GCC_WARN_UNINITIALIZED_AUTOS = YES;
				GCC_WARN_UNUSED_FUNCTION = YES;
				GCC_WARN_UNUSED_VARIABLE = YES;
				IPHONEOS_DEPLOYMENT_TARGET = 7.0;
				ONLY_ACTIVE_ARCH = YES;
				SDKROOT = iphoneos;
				TARGETED_DEVICE_FAMILY = 2;
			};
			name = Debug;
		};
		A5B2CE9018436D740051406E /* Release */ = {
			isa = XCBuildConfiguration;
			buildSettings = {
				ALWAYS_SEARCH_USER_PATHS = NO;
				ARCHS = "$(ARCHS_STANDARD_INCLUDING_64_BIT)";
				CLANG_CXX_LANGUAGE_STANDARD = "gnu++0x";
				CLANG_CXX_LIBRARY = "libc++";
				CLANG_ENABLE_MODULES = YES;
				CLANG_ENABLE_OBJC_ARC = YES;
				CLANG_WARN_BOOL_CONVERSION = YES;
				CLANG_WARN_CONSTANT_CONVERSION = YES;
				CLANG_WARN_DIRECT_OBJC_ISA_USAGE = YES_ERROR;
				CLANG_WARN_EMPTY_BODY = YES;
				CLANG_WARN_ENUM_CONVERSION = YES;
				CLANG_WARN_INT_CONVERSION = YES;
				CLANG_WARN_OBJC_ROOT_CLASS = YES_ERROR;
				CLANG_WARN__DUPLICATE_METHOD_MATCH = YES;
				"CODE_SIGN_IDENTITY[sdk=iphoneos*]" = "iPhone Developer";
				COPY_PHASE_STRIP = YES;
				ENABLE_NS_ASSERTIONS = NO;
				GCC_C_LANGUAGE_STANDARD = gnu99;
				GCC_WARN_64_TO_32_BIT_CONVERSION = YES;
				GCC_WARN_ABOUT_RETURN_TYPE = YES_ERROR;
				GCC_WARN_UNDECLARED_SELECTOR = YES;
				GCC_WARN_UNINITIALIZED_AUTOS = YES;
				GCC_WARN_UNUSED_FUNCTION = YES;
				GCC_WARN_UNUSED_VARIABLE = YES;
				IPHONEOS_DEPLOYMENT_TARGET = 7.0;
				SDKROOT = iphoneos;
				TARGETED_DEVICE_FAMILY = 2;
				VALIDATE_PRODUCT = YES;
			};
			name = Release;
		};
		A5B2CE9218436D740051406E /* Debug */ = {
			isa = XCBuildConfiguration;
			buildSettings = {
				ASSETCATALOG_COMPILER_APPICON_NAME = AppIcon;
				ASSETCATALOG_COMPILER_LAUNCHIMAGE_NAME = LaunchImage;
				GCC_PRECOMPILE_PREFIX_HEADER = YES;
				GCC_PREFIX_HEADER = "UIDynamicsDemo/UIDynamicsDemo-Prefix.pch";
				INFOPLIST_FILE = "UIDynamicsDemo/UIDynamicsDemo-Info.plist";
				PRODUCT_NAME = "$(TARGET_NAME)";
				WRAPPER_EXTENSION = app;
			};
			name = Debug;
		};
		A5B2CE9318436D740051406E /* Release */ = {
			isa = XCBuildConfiguration;
			buildSettings = {
				ASSETCATALOG_COMPILER_APPICON_NAME = AppIcon;
				ASSETCATALOG_COMPILER_LAUNCHIMAGE_NAME = LaunchImage;
				GCC_PRECOMPILE_PREFIX_HEADER = YES;
				GCC_PREFIX_HEADER = "UIDynamicsDemo/UIDynamicsDemo-Prefix.pch";
				INFOPLIST_FILE = "UIDynamicsDemo/UIDynamicsDemo-Info.plist";
				PRODUCT_NAME = "$(TARGET_NAME)";
				WRAPPER_EXTENSION = app;
			};
			name = Release;
		};
		A5B2CE9518436D740051406E /* Debug */ = {
			isa = XCBuildConfiguration;
			buildSettings = {
				ARCHS = "$(ARCHS_STANDARD_INCLUDING_64_BIT)";
				BUNDLE_LOADER = "$(BUILT_PRODUCTS_DIR)/UIDynamicsDemo.app/UIDynamicsDemo";
				FRAMEWORK_SEARCH_PATHS = (
					"$(SDKROOT)/Developer/Library/Frameworks",
					"$(inherited)",
					"$(DEVELOPER_FRAMEWORKS_DIR)",
				);
				GCC_PRECOMPILE_PREFIX_HEADER = YES;
				GCC_PREFIX_HEADER = "UIDynamicsDemo/UIDynamicsDemo-Prefix.pch";
				GCC_PREPROCESSOR_DEFINITIONS = (
					"DEBUG=1",
					"$(inherited)",
				);
				INFOPLIST_FILE = "UIDynamicsDemoTests/UIDynamicsDemoTests-Info.plist";
				PRODUCT_NAME = "$(TARGET_NAME)";
				TEST_HOST = "$(BUNDLE_LOADER)";
				WRAPPER_EXTENSION = xctest;
			};
			name = Debug;
		};
		A5B2CE9618436D740051406E /* Release */ = {
			isa = XCBuildConfiguration;
			buildSettings = {
				ARCHS = "$(ARCHS_STANDARD_INCLUDING_64_BIT)";
				BUNDLE_LOADER = "$(BUILT_PRODUCTS_DIR)/UIDynamicsDemo.app/UIDynamicsDemo";
				FRAMEWORK_SEARCH_PATHS = (
					"$(SDKROOT)/Developer/Library/Frameworks",
					"$(inherited)",
					"$(DEVELOPER_FRAMEWORKS_DIR)",
				);
				GCC_PRECOMPILE_PREFIX_HEADER = YES;
				GCC_PREFIX_HEADER = "UIDynamicsDemo/UIDynamicsDemo-Prefix.pch";
				INFOPLIST_FILE = "UIDynamicsDemoTests/UIDynamicsDemoTests-Info.plist";
				PRODUCT_NAME = "$(TARGET_NAME)";
				TEST_HOST = "$(BUNDLE_LOADER)";
				WRAPPER_EXTENSION = xctest;
			};
			name = Release;
		};
/* End XCBuildConfiguration section */

/* Begin XCConfigurationList section */
		A5B2CE5A18436D730051406E /* Build configuration list for PBXProject "UIDynamicsDemo" */ = {
			isa = XCConfigurationList;
			buildConfigurations = (
				A5B2CE8F18436D740051406E /* Debug */,
				A5B2CE9018436D740051406E /* Release */,
			);
			defaultConfigurationIsVisible = 0;
			defaultConfigurationName = Release;
		};
		A5B2CE9118436D740051406E /* Build configuration list for PBXNativeTarget "UIDynamicsDemo" */ = {
			isa = XCConfigurationList;
			buildConfigurations = (
				A5B2CE9218436D740051406E /* Debug */,
				A5B2CE9318436D740051406E /* Release */,
			);
			defaultConfigurationIsVisible = 0;
		};
		A5B2CE9418436D740051406E /* Build configuration list for PBXNativeTarget "UIDynamicsDemoTests" */ = {
			isa = XCConfigurationList;
			buildConfigurations = (
				A5B2CE9518436D740051406E /* Debug */,
				A5B2CE9618436D740051406E /* Release */,
			);
			defaultConfigurationIsVisible = 0;
		};
/* End XCConfigurationList section */
	};
	rootObject = A5B2CE5718436D730051406E /* Project object */;
}
